{
  "name": "test-github-pages",
  "version": "0.1.0",
  "lockfileVersion": 1,
  "requires": true,
  "dependencies": {
    "array-find-index": {
      "version": "1.0.2",
      "resolved": "http://registry.npm.sogou/array-find-index/download/array-find-index-1.0.2.tgz",
      "integrity": "sha1-3wEKoSh+Fku9pvlyOwqWoexBh6E=",
      "dev": true
    },
    "builtin-modules": {
      "version": "1.1.1",
      "resolved": "http://registry.npm.sogou/builtin-modules/download/builtin-modules-1.1.1.tgz",
      "integrity": "sha1-Jw8HbFpywC9bZaR9+Uxf46J4iS8=",
      "dev": true
    },
    "camelcase": {
      "version": "2.1.1",
      "resolved": "http://registry.npm.sogou/camelcase/download/camelcase-2.1.1.tgz",
      "integrity": "sha1-fB0W1nmhu+WcoCys7PsBHiAfWh8=",
      "dev": true
    },
    "camelcase-keys": {
      "version": "2.1.0",
      "resolved": "http://registry.npm.sogou/camelcase-keys/download/camelcase-keys-2.1.0.tgz",
      "integrity": "sha1-MIvur/3ygRkFHvodkyITyRuPkuc=",
      "dev": true,
      "requires": {
        "camelcase": "^2.0.0",
        "map-obj": "^1.0.0"
      }
    },
    "colors": {
      "version": "1.3.0",
      "resolved": "http://registry.npm.sogou/colors/download/colors-1.3.0.tgz",
      "integrity": "sha1-XyDJ/vaUXLETQmCqszv73IKV4E4=",
      "dev": true
    },
    "currently-unhandled": {
      "version": "0.4.1",
      "resolved": "http://registry.npm.sogou/currently-unhandled/download/currently-unhandled-0.4.1.tgz",
      "integrity": "sha1-mI3zP+qxke95mmE2nddsF635V+o=",
      "dev": true,
      "requires": {
        "array-find-index": "^1.0.1"
      }
    },
    "decamelize": {
      "version": "1.2.0",
      "resolved": "http://registry.npm.sogou/decamelize/download/decamelize-1.2.0.tgz",
      "integrity": "sha1-9lNNFRSCabIDUue+4m9QH5oZEpA=",
      "dev": true
    },
    "error-ex": {
      "version": "1.3.2",
      "resolved": "http://registry.npm.sogou/error-ex/download/error-ex-1.3.2.tgz",
      "integrity": "sha1-tKxAZIEH/c3PriQvQovqihTU8b8=",
      "dev": true,
      "requires": {
        "is-arrayish": "^0.2.1"
      }
    },
    "find-up": {
      "version": "1.1.2",
      "resolved": "http://registry.npm.sogou/find-up/download/find-up-1.1.2.tgz",
      "integrity": "sha1-ay6YIrGizgpgq2TWEOzK1TyyTQ8=",
      "dev": true,
      "requires": {
        "path-exists": "^2.0.0",
        "pinkie-promise": "^2.0.0"
      }
    },
    "get-stdin": {
      "version": "4.0.1",
      "resolved": "http://registry.npm.sogou/get-stdin/download/get-stdin-4.0.1.tgz",
      "integrity": "sha1-uWjGsKBDhDJJAui/Gl3zJXmkUP4=",
      "dev": true
    },
    "github": {
      "version": "0.2.4",
      "resolved": "http://registry.npm.sogou/github/download/github-0.2.4.tgz",
      "integrity": "sha1-JPp/DhP6EblGr5ETTFGYKpHOU4s=",
      "dev": true,
      "requires": {
        "mime": "^1.2.11"
      }
    },
    "github-pages": {
      "version": "3.0.2",
      "resolved": "http://registry.npm.sogou/github-pages/download/github-pages-3.0.2.tgz",
      "integrity": "sha1-hM9Zl5/fZlN4sEsblVf4GjkaqIo=",
      "dev": true,
      "requires": {
        "github": "^0.2.4",
        "ls-all": "^1.1.0",
        "meow": "^3.7.0",
        "pkg-conf": "^1.1.1"
      }
    },
    "graceful-fs": {
      "version": "4.1.11",
      "resolved": "http://registry.npm.sogou/graceful-fs/download/graceful-fs-4.1.11.tgz",
      "integrity": "sha1-Dovf5NHduIVNZOBOp8AOKgJuVlg=",
      "dev": true
    },
    "hosted-git-info": {
      "version": "2.7.1",
      "resolved": "http://registry.npm.sogou/hosted-git-info/download/hosted-git-info-2.7.1.tgz",
      "integrity": "sha1-l/I2l3vW4SVAiTD/bePuxigewEc=",
      "dev": true
    },
    "indent-string": {
      "version": "2.1.0",
      "resolved": "http://registry.npm.sogou/indent-string/download/indent-string-2.1.0.tgz",
      "integrity": "sha1-ji1INIdCEhtKghi3oTfppSBJ3IA=",
      "dev": true,
      "requires": {
        "repeating": "^2.0.0"
      }
    },
    "is-arrayish": {
      "version": "0.2.1",
      "resolved": "http://registry.npm.sogou/is-arrayish/download/is-arrayish-0.2.1.tgz",
      "integrity": "sha1-d8mYQFJ6qOyxqLppe4BkWnqSap0=",
      "dev": true
    },
    "is-builtin-module": {
      "version": "1.0.0",
      "resolved": "http://registry.npm.sogou/is-builtin-module/download/is-builtin-module-1.0.0.tgz",
      "integrity": "sha1-VAVy0096wxGfj3bDDLwbHgN6/74=",
      "dev": true,
      "requires": {
        "builtin-modules": "^1.0.0"
      }
    },
    "is-finite": {
      "version": "1.0.2",
      "resolved": "http://registry.npm.sogou/is-finite/download/is-finite-1.0.2.tgz",
      "integrity": "sha1-zGZ3aVYCvlUO8R6LSqYwU0K20Ko=",
      "dev": true,
      "requires": {
        "number-is-nan": "^1.0.0"
      }
    },
    "is-utf8": {
      "version": "0.2.1",
      "resolved": "http://registry.npm.sogou/is-utf8/download/is-utf8-0.2.1.tgz",
      "integrity": "sha1-Sw2hRCEE0bM2NA6AeX6GXPOffXI=",
      "dev": true
    },
    "load-json-file": {
      "version": "1.1.0",
      "resolved": "http://registry.npm.sogou/load-json-file/download/load-json-file-1.1.0.tgz",
      "integrity": "sha1-lWkFcI1YtLq0wiYbBPWfMcmTdMA=",
      "dev": true,
      "requires": {
        "graceful-fs": "^4.1.2",
        "parse-json": "^2.2.0",
        "pify": "^2.0.0",
        "pinkie-promise": "^2.0.0",
        "strip-bom": "^2.0.0"
      }
    },
    "loud-rejection": {
      "version": "1.6.0",
      "resolved": "http://registry.npm.sogou/loud-rejection/download/loud-rejection-1.6.0.tgz",
      "integrity": "sha1-W0b4AUft7leIcPCG0Eghz5mOVR8=",
      "dev": true,
      "requires": {
        "currently-unhandled": "^0.4.1",
        "signal-exit": "^3.0.0"
      }
    },
    "ls-all": {
      "version": "1.1.0",
      "resolved": "http://registry.npm.sogou/ls-all/download/ls-all-1.1.0.tgz",
      "integrity": "sha1-w/1PU5zYTgvmvJ3lv0G4vZO2J4Y=",
      "dev": true,
      "requires": {
        "colors": "^1.1.2",
        "meow": "^3.7.0",
        "tree-flatten": "^1.0.0"
      }
    },
    "map-obj": {
      "version": "1.0.1",
      "resolved": "http://registry.npm.sogou/map-obj/download/map-obj-1.0.1.tgz",
      "integrity": "sha1-2TPOuSBdgr3PSIb2dCvcK03qFG0=",
      "dev": true
    },
    "meow": {
      "version": "3.7.0",
      "resolved": "http://registry.npm.sogou/meow/download/meow-3.7.0.tgz",
      "integrity": "sha1-cstmi0JSKCkKu/qFaJJYcwioAfs=",
      "dev": true,
      "requires": {
        "camelcase-keys": "^2.0.0",
        "decamelize": "^1.1.2",
        "loud-rejection": "^1.0.0",
        "map-obj": "^1.0.1",
        "minimist": "^1.1.3",
        "normalize-package-data": "^2.3.4",
        "object-assign": "^4.0.1",
        "read-pkg-up": "^1.0.1",
        "redent": "^1.0.0",
        "trim-newlines": "^1.0.0"
      }
    },
    "mime": {
      "version": "1.6.0",
      "resolved": "http://registry.npm.sogou/mime/download/mime-1.6.0.tgz",
      "integrity": "sha1-Ms2eXGRVO9WNGaVor0Uqz/BJgbE=",
      "dev": true
    },
    "minimist": {
      "version": "1.2.0",
      "resolved": "http://registry.npm.sogou/minimist/download/minimist-1.2.0.tgz",
      "integrity": "sha1-o1AIsg9BOD7sH7kU9M1d95omQoQ=",
      "dev": true
    },
    "normalize-package-data": {
      "version": "2.4.0",
      "resolved": "http://registry.npm.sogou/normalize-package-data/download/normalize-package-data-2.4.0.tgz",
      "integrity": "sha1-EvlaMH1YNSB1oEkHuErIvpisAS8=",
      "dev": true,
      "requires": {
        "hosted-git-info": "^2.1.4",
        "is-builtin-module": "^1.0.0",
        "semver": "2 || 3 || 4 || 5",
        "validate-npm-package-license": "^3.0.1"
      }
    },
    "number-is-nan": {
      "version": "1.0.1",
      "resolved": "http://registry.npm.sogou/number-is-nan/download/number-is-nan-1.0.1.tgz",
      "integrity": "sha1-CXtgK1NCKlIsGvuHkDGDNpQaAR0=",
      "dev": true
    },
    "object-assign": {
      "version": "4.1.1",
      "resolved": "http://registry.npm.sogou/object-assign/download/object-assign-4.1.1.tgz",
      "integrity": "sha1-IQmtx5ZYh8/AXLvUQsrIv7s2CGM=",
      "dev": true
    },
    "parse-json": {
      "version": "2.2.0",
      "resolved": "http://registry.npm.sogou/parse-json/download/parse-json-2.2.0.tgz",
      "integrity": "sha1-9ID0BDTvgHQfhGkJn43qGPVaTck=",
      "dev": true,
      "requires": {
        "error-ex": "^1.2.0"
      }
    },
    "path-exists": {
      "version": "2.1.0",
      "resolved": "http://registry.npm.sogou/path-exists/download/path-exists-2.1.0.tgz",
      "integrity": "sha1-D+tsZPD8UY2adU3V77YscCJ2H0s=",
      "dev": true,
      "requires": {
        "pinkie-promise": "^2.0.0"
      }
    },
    "path-type": {
      "version": "1.1.0",
      "resolved": "http://registry.npm.sogou/path-type/download/path-type-1.1.0.tgz",
      "integrity": "sha1-WcRPfuSR2nBNpBXaWkBwuk+P5EE=",
      "dev": true,
      "requires": {
        "graceful-fs": "^4.1.2",
        "pify": "^2.0.0",
        "pinkie-promise": "^2.0.0"
      }
    },
    "pify": {
      "version": "2.3.0",
      "resolved": "http://registry.npm.sogou/pify/download/pify-2.3.0.tgz",
      "integrity": "sha1-7RQaasBDqEnqWISY59yosVMw6Qw=",
      "dev": true
    },
    "pinkie": {
      "version": "2.0.4",
      "resolved": "http://registry.npm.sogou/pinkie/download/pinkie-2.0.4.tgz",
      "integrity": "sha1-clVrgM+g1IqXToDnckjoDtT3+HA=",
      "dev": true
    },
    "pinkie-promise": {
      "version": "2.0.1",
      "resolved": "http://registry.npm.sogou/pinkie-promise/download/pinkie-promise-2.0.1.tgz",
      "integrity": "sha1-ITXW36ejWMBprJsXh3YogihFD/o=",
      "dev": true,
      "requires": {
        "pinkie": "^2.0.0"
      }
    },
    "pkg-conf": {
      "version": "1.1.3",
      "resolved": "http://registry.npm.sogou/pkg-conf/download/pkg-conf-1.1.3.tgz",
      "integrity": "sha1-N45W1v0T6Iv7b0ol33qD+qvduls=",
      "dev": true,
      "requires": {
        "find-up": "^1.0.0",
        "load-json-file": "^1.1.0",
        "object-assign": "^4.0.1",
        "symbol": "^0.2.1"
      }
    },
    "read-pkg": {
      "version": "1.1.0",
      "resolved": "http://registry.npm.sogou/read-pkg/download/read-pkg-1.1.0.tgz",
      "integrity": "sha1-9f+qXs0pyzHAR0vKfXVra7KePyg=",
      "dev": true,
      "requires": {
        "load-json-file": "^1.0.0",
        "normalize-package-data": "^2.3.2",
        "path-type": "^1.0.0"
      }
    },
    "read-pkg-up": {
      "version": "1.0.1",
      "resolved": "http://registry.npm.sogou/read-pkg-up/download/read-pkg-up-1.0.1.tgz",
      "integrity": "sha1-nWPBMnbAZZGNV/ACpX9AobZD+wI=",
      "dev": true,
      "requires": {
        "find-up": "^1.0.0",
        "read-pkg": "^1.0.0"
      }
    },
    "redent": {
      "version": "1.0.0",
      "resolved": "http://registry.npm.sogou/redent/download/redent-1.0.0.tgz",
      "integrity": "sha1-z5Fqsf1fHxbfsggi3W7H9zDCr94=",
      "dev": true,
      "requires": {
        "indent-string": "^2.1.0",
        "strip-indent": "^1.0.1"
      }
    },
    "repeating": {
      "version": "2.0.1",
      "resolved": "http://registry.npm.sogou/repeating/download/repeating-2.0.1.tgz",
      "integrity": "sha1-UhTFOpJtNVJwdSf7q0FdvAjQbdo=",
      "dev": true,
      "requires": {
        "is-finite": "^1.0.0"
      }
    },
    "semver": {
      "version": "5.5.0",
      "resolved": "http://registry.npm.sogou/semver/download/semver-5.5.0.tgz",
      "integrity": "sha1-3Eu8emyp2Rbe5dQ1FvAJK1j3uKs=",
      "dev": true
    },
    "signal-exit": {
      "version": "3.0.2",
      "resolved": "http://registry.npm.sogou/signal-exit/download/signal-exit-3.0.2.tgz",
      "integrity": "sha1-tf3AjxKH6hF4Yo5BXiUTK3NkbG0=",
      "dev": true
    },
    "spdx-correct": {
      "version": "3.0.0",
      "resolved": "http://registry.npm.sogou/spdx-correct/download/spdx-correct-3.0.0.tgz",
      "integrity": "sha1-BaW01xU6GVvJLDxCW2nzsqlSTII=",
      "dev": true,
      "requires": {
        "spdx-expression-parse": "^3.0.0",
        "spdx-license-ids": "^3.0.0"
      }
    },
    "spdx-exceptions": {
      "version": "2.1.0",
      "resolved": "http://registry.npm.sogou/spdx-exceptions/download/spdx-exceptions-2.1.0.tgz",
      "integrity": "sha1-LHrmEFbHFKW5ubKyr30xHvXHj+k=",
      "dev": true
    },
    "spdx-expression-parse": {
      "version": "3.0.0",
      "resolved": "http://registry.npm.sogou/spdx-expression-parse/download/spdx-expression-parse-3.0.0.tgz",
      "integrity": "sha1-meEZt6XaAOBUkcn6M4t5BII7QdA=",
      "dev": true,
      "requires": {
        "spdx-exceptions": "^2.1.0",
        "spdx-license-ids": "^3.0.0"
      }
    },
    "spdx-license-ids": {
      "version": "3.0.0",
      "resolved": "http://registry.npm.sogou/spdx-license-ids/download/spdx-license-ids-3.0.0.tgz",
      "integrity": "sha1-enzShHDMbToc/m1miG9rxDDTrIc=",
      "dev": true
    },
    "strip-bom": {
      "version": "2.0.0",
      "resolved": "http://registry.npm.sogou/strip-bom/download/strip-bom-2.0.0.tgz",
      "integrity": "sha1-YhmoVhZSBJHzV4i9vxRHqZx+aw4=",
      "dev": true,
      "requires": {
        "is-utf8": "^0.2.0"
      }
    },
    "strip-indent": {
      "version": "1.0.1",
      "resolved": "http://registry.npm.sogou/strip-indent/download/strip-indent-1.0.1.tgz",
      "integrity": "sha1-DHlipq3vp7vUrDZkYKY4VSrhoKI=",
      "dev": true,
      "requires": {
        "get-stdin": "^4.0.1"
      }
    },
    "symbol": {
      "version": "0.2.3",
      "resolved": "http://registry.npm.sogou/symbol/download/symbol-0.2.3.tgz",
      "integrity": "sha1-O5hzuKkB5Hxu/iFSajrDcu8ou8c=",
      "dev": true
    },
    "tree-flatten": {
      "version": "1.0.0",
      "resolved": "http://registry.npm.sogou/tree-flatten/download/tree-flatten-1.0.0.tgz",
      "integrity": "sha1-tdQJbGJ3W86shImTfPviDex1a10=",
      "dev": true
    },
    "trim-newlines": {
      "version": "1.0.0",
      "resolved": "http://registry.npm.sogou/trim-newlines/download/trim-newlines-1.0.0.tgz",
      "integrity": "sha1-WIeWa7WCpFA6QetST301ARgVphM=",
      "dev": true
    },
    "validate-npm-package-license": {
      "version": "3.0.3",
      "resolved": "http://registry.npm.sogou/validate-npm-package-license/download/validate-npm-package-license-3.0.3.tgz",
      "integrity": "sha1-gWQ7y+8b3+zUYjeT3EZIlIupgzg=",
      "dev": true,
      "requires": {
        "spdx-correct": "^3.0.0",
        "spdx-expression-parse": "^3.0.0"
      }
    }
  }
}
